
Microsoft Visual Studio Solution File, Format Version 12.00
# Visual Studio Version 16
VisualStudioVersion = 16.0.30717.126
MinimumVisualStudioVersion = 10.0.40219.1
Project("{FAE04EC0-301F-11D3-BF4B-00C04F79EFBC}") = "SecondApp", "SecondApp\SecondApp.csproj", "{ECA5E237-F085-487A-B39C-004A19653E5D}"
EndProject
Global
	GlobalSection(SolutionConfigurationPlatforms) = preSolution
		Debug|Any CPU = Debug|Any CPU
		Release|Any CPU = Release|Any CPU
	EndGlobalSection
	GlobalSection(ProjectConfigurationPlatforms) = postSolution
		{ECA5E237-F085-487A-B39C-004A19653E5D}.Debug|Any CPU.ActiveCfg = Debug|Any CPU
		{ECA5E237-F085-487A-B39C-004A19653E5D}.Debug|Any CPU.Build.0 = Debug|Any CPU
		{ECA5E237-F085-487A-B39C-004A19653E5D}.Release|Any CPU.ActiveCfg = Release|Any CPU
		{ECA5E237-F085-487A-B39C-004A19653E5D}.Release|Any CPU.Build.0 = Release|Any CPU
	EndGlobalSection
	GlobalSection(SolutionProperties) = preSolution
		HideSolutionNode = FALSE
	EndGlobalSection
	GlobalSection(ExtensibilityGlobals) = postSolution
		SolutionGuid = {3E7A806B-434D-4F6D-BAC7-DEC4DF24C7C7}
	EndGlobalSection
EndGlobal
